{
    "name": "tvt-onthefly",
    "version": "3.6.1",
    "lockfileVersion": 3,
    "requires": true,
    "packages": {
        "": {
            "name": "tvt-onthefly",
            "version": "3.6.1",
            "dependencies": {
                "@gruppe-adler/replay": "^1.6.0",
                "grad-factions-tvt": "^1.0.3",
                "grad-fortifications": "^0.9.4",
                "grad-islandconfig": "^0.4.3",
                "grad-listbuymenu": "^0.9.0",
                "grad-loadout": "^4.11.7",
                "grad-moneymenu": "^0.3.2",
                "grad-scoreboard": "^0.1.1",
                "grad-tvtsettings": "^0.0.3",
                "grad-winratetracker": "^0.0.2"
            }
        },
        "node_modules/@gruppe-adler/replay": {
            "version": "1.6.0",
            "resolved": "https://registry.npmjs.org/@gruppe-adler/replay/-/replay-1.6.0.tgz",
            "integrity": "sha512-i1kfwH+oUuVFf5uHP8sRgtfwOsRvh4OWXUi2y/98VIbdcZBrPwdNf9uqcfmZLp/q+pDzpN9z7jxky01Bjv8E3w=="
        },
        "node_modules/grad-factions-tvt": {
            "version": "1.0.3",
            "resolved": "https://registry.npmjs.org/grad-factions-tvt/-/grad-factions-tvt-1.0.3.tgz",
            "integrity": "sha512-eWcYW0JN52pP44gW5kmBZYpuv0Z/wn+QakW7K6xgR3p4Bu3I3f5CzY0e5F8HijoRsYn5zIXgS/fenxOr3MBjtw==",
            "dependencies": {
                "grad-loadout": ">=4.10.0"
            }
        },
        "node_modules/grad-fortifications": {
            "version": "0.9.4",
            "resolved": "https://registry.npmjs.org/grad-fortifications/-/grad-fortifications-0.9.4.tgz",
            "integrity": "sha512-nf0xcE7Jg6W/CUIO7vm6zcKEioYK1ImgbJwBx+agoMgthy2W3HqBJakYdZ2Aw5U5WF59c2tYay3xp7JfFCDACA=="
        },
        "node_modules/grad-islandconfig": {
            "version": "0.4.3",
            "resolved": "https://registry.npmjs.org/grad-islandconfig/-/grad-islandconfig-0.4.3.tgz",
            "integrity": "sha512-geN/54+3U3ao1cYLCSnK0ICsupHU7VsARxK5aHN07moordoHxO6Mn1VRP8e0nhMroq5Cyo6onLdyn+brIYHjXA=="
        },
        "node_modules/grad-listbuymenu": {
            "version": "0.9.0",
            "resolved": "https://registry.npmjs.org/grad-listbuymenu/-/grad-listbuymenu-0.9.0.tgz",
            "integrity": "sha512-1ylx27z+5ba+5Zpmxgno6joaCu9qL5X2+pzLY7JkHQWg+q1z6TIGJt18AgLmmpGNWTsPlKV4Cut9Fgl+CzmFYA=="
        },
        "node_modules/grad-loadout": {
            "version": "4.11.7",
            "resolved": "https://registry.npmjs.org/grad-loadout/-/grad-loadout-4.11.7.tgz",
            "integrity": "sha512-B8RRxdmGOcpCg9tBJO1tRH7sfqEUC/QeJlUo6irl8UdA5Q427lRgJb71KYtkYS1wGKTEoM0H894F8V9XiXoKDQ=="
        },
        "node_modules/grad-moneymenu": {
            "version": "0.3.2",
            "resolved": "https://registry.npmjs.org/grad-moneymenu/-/grad-moneymenu-0.3.2.tgz",
            "integrity": "sha512-JtwUrbnnMSPA9ZEmFS4uWQrDq07uYGORJQopEvDrb5U5gOgFH9NN5qN1CjYNKrG3H/j7wO9VYyfDT/e4CkUosg=="
        },
        "node_modules/grad-scoreboard": {
            "version": "0.1.1",
            "resolved": "https://registry.npmjs.org/grad-scoreboard/-/grad-scoreboard-0.1.1.tgz",
            "integrity": "sha512-5aCgE3S8EUdEbbC2DAKzPYY8PBBgzUHMq16f76rufzAmXQEcKIHhKckHGZNN7GFfLBNrx0CsUC/T4LonucOc1Q=="
        },
        "node_modules/grad-tvtsettings": {
            "version": "0.0.3",
            "resolved": "https://registry.npmjs.org/grad-tvtsettings/-/grad-tvtsettings-0.0.3.tgz",
            "integrity": "sha512-fIzPWJ9ttWtbey8ScLxVFiq8fOzuzvpHOg1/uG7Xo69SbyK7voRuoiURYZgO95VML8pM0AMDAABLt0vHuaB/Rg=="
        },
        "node_modules/grad-winratetracker": {
            "version": "0.0.2",
            "resolved": "https://registry.npmjs.org/grad-winratetracker/-/grad-winratetracker-0.0.2.tgz",
            "integrity": "sha512-BCpEaa+tGWaIfMZmq2B9LnST0GctOq2/GoRYvQjvPakrN4O+9OY9xXAeJZerVglTQJ7CNQ/3ZLfirr0mLg6leg=="
        }
    }
}
